
Microsoft Visual Studio Solution File, Format Version 12.00
# Visual Studio Version 16
VisualStudioVersion = 16.0.31624.102
MinimumVisualStudioVersion = 10.0.40219.1
Project("{9A19103F-16F7-4668-BE54-9A1E7A4F7556}") = "TesteEmCasa", "TesteEmCasa\TesteEmCasa.csproj", "{22F175E4-3F1E-4B56-9FE6-9B352B8A807D}"
EndProject
Global
	GlobalSection(SolutionConfigurationPlatforms) = preSolution
		Debug|Any CPU = Debug|Any CPU
		Release|Any CPU = Release|Any CPU
	EndGlobalSection
	GlobalSection(ProjectConfigurationPlatforms) = postSolution
		{22F175E4-3F1E-4B56-9FE6-9B352B8A807D}.Debug|Any CPU.ActiveCfg = Debug|Any CPU
		{22F175E4-3F1E-4B56-9FE6-9B352B8A807D}.Debug|Any CPU.Build.0 = Debug|Any CPU
		{22F175E4-3F1E-4B56-9FE6-9B352B8A807D}.Release|Any CPU.ActiveCfg = Release|Any CPU
		{22F175E4-3F1E-4B56-9FE6-9B352B8A807D}.Release|Any CPU.Build.0 = Release|Any CPU
	EndGlobalSection
	GlobalSection(SolutionProperties) = preSolution
		HideSolutionNode = FALSE
	EndGlobalSection
	GlobalSection(ExtensibilityGlobals) = postSolution
		SolutionGuid = {CD546047-065E-4CE3-8AA5-D0A79E26B71D}
	EndGlobalSection
EndGlobal
